{
  "lockfile-version": 1,
  "manifest": {
    "schema-version": "1.13.0",
    "install": {
      "go": {
        "pkg-path": "go",
        "pkg-group": "go-current",
        "version": "1.26.5",
        "systems": [
          "aarch64-darwin",
          "aarch64-linux",
          "x86_64-linux"
        ]
      },
      "golangci-lint": {
        "pkg-path": "golangci-lint",
        "version": "2.12.2"
      },
      "tmux": {
        "pkg-path": "tmux"
      }
    },
    "hook": {},
    "profile": {},
    "options": {
      "systems": [
        "aarch64-darwin",
        "aarch64-linux",
        "x86_64-linux"
      ]
    }
  },
  "packages": [
    {
      "attr_path": "go",
      "broken": false,
      "derivation": "/nix/store/4nx4s2ybamjrzx486h9yad48hrhmn1wn-go-1.26.5.drv",
      "description": "Go Programming language",
      "install_id": "go",
      "license": "BSD-3-Clause",
      "locked_url": "https://github.com/flox/nixpkgs?rev=e2587caef70cea85dd97d7daab492899902dbf5d",
      "name": "go-1.26.5",
      "pname": "go",
      "rev": "e2587caef70cea85dd97d7daab492899902dbf5d",
      "rev_count": 1040357,
      "rev_date": "2026-07-23T08:54:16Z",
      "scrape_date": "2026-07-25T04:59:03.284574Z",
      "stabilities": [
        "unstable"
      ],
      "unfree": false,
      "version": "1.26.5",
      "outputs_to_install": [
        "out"
      ],
      "outputs": {
        "out": "/nix/store/naw4mj4s58ymzlc10a76y79m40w3wfpp-go-1.26.5"
      },
      "system": "aarch64-darwin",
      "group": "go-current",
      "priority": 5
    },
    {
      "attr_path": "go",
      "broken": false,
      "derivation": "/nix/store/8fmcg8gw1gibidq3c2fknnyfi9l8mxsa-go-1.26.5.drv",
      "description": "Go Programming language",
      "install_id": "go",
      "license": "BSD-3-Clause",
      "locked_url": "https://github.com/flox/nixpkgs?rev=e2587caef70cea85dd97d7daab492899902dbf5d",
      "name": "go-1.26.5",
      "pname": "go",
      "rev": "e2587caef70cea85dd97d7daab492899902dbf5d",
      "rev_count": 1040357,
      "rev_date": "2026-07-23T08:54:16Z",
      "scrape_date": "2026-07-25T05:33:49.708879Z",
      "stabilities": [
        "unstable"
      ],
      "unfree": false,
      "version": "1.26.5",
      "outputs_to_install": [
        "out"
      ],
      "outputs": {
        "out": "/nix/store/fhg6v8k9hbqpr4b2zcmd099afxh7qxw0-go-1.26.5"
      },
      "system": "aarch64-linux",
      "group": "go-current",
      "priority": 5
    },
    {
      "attr_path": "go",
      "broken": false,
      "derivation": "/nix/store/sgdy02bby4g2mg0qnlzmsi2p2srb63dn-go-1.26.5.drv",
      "description": "Go Programming language",
      "install_id": "go",
      "license": "BSD-3-Clause",
      "locked_url": "https://github.com/flox/nixpkgs?rev=e2587caef70cea85dd97d7daab492899902dbf5d",
      "name": "go-1.26.5",
      "pname": "go",
      "rev": "e2587caef70cea85dd97d7daab492899902dbf5d",
      "rev_count": 1040357,
      "rev_date": "2026-07-23T08:54:16Z",
      "scrape_date": "2026-07-25T06:17:37.842323Z",
      "stabilities": [
        "unstable"
      ],
      "unfree": false,
      "version": "1.26.5",
      "outputs_to_install": [
        "out"
      ],
      "outputs": {
        "out": "/nix/store/rcz9i4msbg3178grqll9h98b07dwk7zg-go-1.26.5"
      },
      "system": "x86_64-linux",
      "group": "go-current",
      "priority": 5
    },
    {
      "attr_path": "golangci-lint",
      "broken": false,
      "derivation": "/nix/store/ph0s0h3l0xw3kgapkbcv40j2lyzqryqn-golangci-lint-2.12.2.drv",
      "description": "Fast linters Runner for Go",
      "install_id": "golangci-lint",
      "license": "GPL-3.0-or-later",
      "locked_url": "https://github.com/flox/nixpkgs?rev=d407951447dcd00442e97087bf374aad70c04cea",
      "name": "golangci-lint-2.12.2",
      "pname": "golangci-lint",
      "rev": "d407951447dcd00442e97087bf374aad70c04cea",
      "rev_count": 1027867,
      "rev_date": "2026-07-05T04:06:12Z",
      "scrape_date": "2026-07-06T03:12:56.293941Z",
      "stabilities": [
        "staging",
        "unstable"
      ],
      "unfree": false,
      "version": "2.12.2",
      "outputs_to_install": [
        "out"
      ],
      "outputs": {
        "out": "/nix/store/q0mwmg8zin7aw87bllirja1bq58mphh6-golangci-lint-2.12.2"
      },
      "system": "aarch64-darwin",
      "group": "toplevel",
      "priority": 5
    },
    {
      "attr_path": "golangci-lint",
      "broken": false,
      "derivation": "/nix/store/vb3gdpksmh0slvpsj7pzhbf9vjlylclh-golangci-lint-2.12.2.drv",
      "description": "Fast linters Runner for Go",
      "install_id": "golangci-lint",
      "license": "GPL-3.0-or-later",
      "locked_url": "https://github.com/flox/nixpkgs?rev=d407951447dcd00442e97087bf374aad70c04cea",
      "name": "golangci-lint-2.12.2",
      "pname": "golangci-lint",
      "rev": "d407951447dcd00442e97087bf374aad70c04cea",
      "rev_count": 1027867,
      "rev_date": "2026-07-05T04:06:12Z",
      "scrape_date": "2026-07-06T03:41:24.003386Z",
      "stabilities": [
        "staging",
        "unstable"
      ],
      "unfree": false,
      "version": "2.12.2",
      "outputs_to_install": [
        "out"
      ],
      "outputs": {
        "out": "/nix/store/i6f2vzix80whq7z1z1pklzflxk5nbkwd-golangci-lint-2.12.2"
      },
      "system": "aarch64-linux",
      "group": "toplevel",
      "priority": 5
    },
    {
      "attr_path": "golangci-lint",
      "broken": false,
      "derivation": "/nix/store/hzpb89z905j3d9l2wjwi0j6cjjim9lv0-golangci-lint-2.12.2.drv",
      "description": "Fast linters Runner for Go",
      "install_id": "golangci-lint",
      "license": "GPL-3.0-or-later",
      "locked_url": "https://github.com/flox/nixpkgs?rev=d407951447dcd00442e97087bf374aad70c04cea",
      "name": "golangci-lint-2.12.2",
      "pname": "golangci-lint",
      "rev": "d407951447dcd00442e97087bf374aad70c04cea",
      "rev_count": 1027867,
      "rev_date": "2026-07-05T04:06:12Z",
      "scrape_date": "2026-07-06T04:40:26.827307Z",
      "stabilities": [
        "staging",
        "unstable"
      ],
      "unfree": false,
      "version": "2.12.2",
      "outputs_to_install": [
        "out"
      ],
      "outputs": {
        "out": "/nix/store/1r5xmhis3iq5cn3wfq2jn62yiwsb97sc-golangci-lint-2.12.2"
      },
      "system": "x86_64-linux",
      "group": "toplevel",
      "priority": 5
    },
    {
      "attr_path": "tmux",
      "broken": false,
      "derivation": "/nix/store/bymfk91k4m5kbb6wl23kkah19jjmwyap-tmux-3.7b.drv",
      "description": "Terminal multiplexer",
      "install_id": "tmux",
      "license": "BSD-3-Clause",
      "locked_url": "https://github.com/flox/nixpkgs?rev=d407951447dcd00442e97087bf374aad70c04cea",
      "name": "tmux-3.7b",
      "pname": "tmux",
      "rev": "d407951447dcd00442e97087bf374aad70c04cea",
      "rev_count": 1027867,
      "rev_date": "2026-07-05T04:06:12Z",
      "scrape_date": "2026-07-06T03:15:16.577883Z",
      "stabilities": [
        "staging",
        "unstable"
      ],
      "unfree": false,
      "version": "3.7b",
      "outputs_to_install": [
        "man",
        "out"
      ],
      "outputs": {
        "man": "/nix/store/xafnf9ibi8gyzmlljnrswx77kbdvcvk4-tmux-3.7b-man",
        "out": "/nix/store/jmld4gz9x2rpjhjqigbzrz4nbyn4lhis-tmux-3.7b"
      },
      "system": "aarch64-darwin",
      "group": "toplevel",
      "priority": 5
    },
    {
      "attr_path": "tmux",
      "broken": false,
      "derivation": "/nix/store/z0p4gvh577dzyqm0xzs92ap3r1nagdfn-tmux-3.7b.drv",
      "description": "Terminal multiplexer",
      "install_id": "tmux",
      "license": "BSD-3-Clause",
      "locked_url": "https://github.com/flox/nixpkgs?rev=d407951447dcd00442e97087bf374aad70c04cea",
      "name": "tmux-3.7b",
      "pname": "tmux",
      "rev": "d407951447dcd00442e97087bf374aad70c04cea",
      "rev_count": 1027867,
      "rev_date": "2026-07-05T04:06:12Z",
      "scrape_date": "2026-07-06T03:44:23.424910Z",
      "stabilities": [
        "staging",
        "unstable"
      ],
      "unfree": false,
      "version": "3.7b",
      "outputs_to_install": [
        "man",
        "out"
      ],
      "outputs": {
        "man": "/nix/store/10r192xdgimg26y1y8ykx99krpgsdbnf-tmux-3.7b-man",
        "out": "/nix/store/rqsr9xhy1ibhgg4izjm6ch6dyk6nmkky-tmux-3.7b"
      },
      "system": "aarch64-linux",
      "group": "toplevel",
      "priority": 5
    },
    {
      "attr_path": "tmux",
      "broken": false,
      "derivation": "/nix/store/cxnmfp5q648nlwbmpqdk8q0ip5g7514n-tmux-3.7b.drv",
      "description": "Terminal multiplexer",
      "install_id": "tmux",
      "license": "BSD-3-Clause",
      "locked_url": "https://github.com/flox/nixpkgs?rev=d407951447dcd00442e97087bf374aad70c04cea",
      "name": "tmux-3.7b",
      "pname": "tmux",
      "rev": "d407951447dcd00442e97087bf374aad70c04cea",
      "rev_count": 1027867,
      "rev_date": "2026-07-05T04:06:12Z",
      "scrape_date": "2026-07-06T04:43:42.460157Z",
      "stabilities": [
        "staging",
        "unstable"
      ],
      "unfree": false,
      "version": "3.7b",
      "outputs_to_install": [
        "man",
        "out"
      ],
      "outputs": {
        "man": "/nix/store/ahkww4drxbp0kdnw9b36a8l7l322npgz-tmux-3.7b-man",
        "out": "/nix/store/m4ggcax2grmp74dam19bl4mq48afipdz-tmux-3.7b"
      },
      "system": "x86_64-linux",
      "group": "toplevel",
      "priority": 5
    }
  ]
}
